
Microsoft Visual Studio Solution File, Format Version 11.00
# Visual Studio 2010
Project("{E24C65DC-7377-472B-9ABA-BC803B73C61A}") = "Web", "Web", "{8524D7CA-C944-4C82-973E-4F5F3DB7CC2E}"
	ProjectSection(WebsiteProperties) = preProject
		TargetFrameworkMoniker = ".NETFramework,Version%3Dv4.0"
		ProjectReferences = "{636AE2CB-180D-48F7-A3AB-EDBA30A52B54}|U1Client.dll;"
		Debug.AspNetCompiler.VirtualPath = "/Web"
		Debug.AspNetCompiler.PhysicalPath = "Web\"
		Debug.AspNetCompiler.TargetPath = "PrecompiledWeb\Web\"
		Debug.AspNetCompiler.Updateable = "true"
		Debug.AspNetCompiler.ForceOverwrite = "true"
		Debug.AspNetCompiler.FixedNames = "false"
		Debug.AspNetCompiler.Debug = "True"
		Release.AspNetCompiler.VirtualPath = "/Web"
		Release.AspNetCompiler.PhysicalPath = "Web\"
		Release.AspNetCompiler.TargetPath = "PrecompiledWeb\Web\"
		Release.AspNetCompiler.Updateable = "true"
		Release.AspNetCompiler.ForceOverwrite = "true"
		Release.AspNetCompiler.FixedNames = "false"
		Release.AspNetCompiler.Debug = "False"
		VWDPort = "8673"
		DefaultWebSiteLanguage = "Visual C#"
	EndProjectSection
EndProject
Project("{FAE04EC0-301F-11D3-BF4B-00C04F79EFBC}") = "U1Client", "U1Client\U1Client.csproj", "{636AE2CB-180D-48F7-A3AB-EDBA30A52B54}"
EndProject
Global
	GlobalSection(SolutionConfigurationPlatforms) = preSolution
		Debug|Any CPU = Debug|Any CPU
		Release|Any CPU = Release|Any CPU
	EndGlobalSection
	GlobalSection(ProjectConfigurationPlatforms) = postSolution
		{8524D7CA-C944-4C82-973E-4F5F3DB7CC2E}.Debug|Any CPU.ActiveCfg = Debug|Any CPU
		{8524D7CA-C944-4C82-973E-4F5F3DB7CC2E}.Debug|Any CPU.Build.0 = Debug|Any CPU
		{8524D7CA-C944-4C82-973E-4F5F3DB7CC2E}.Release|Any CPU.ActiveCfg = Debug|Any CPU
		{8524D7CA-C944-4C82-973E-4F5F3DB7CC2E}.Release|Any CPU.Build.0 = Debug|Any CPU
		{636AE2CB-180D-48F7-A3AB-EDBA30A52B54}.Debug|Any CPU.ActiveCfg = Debug|Any CPU
		{636AE2CB-180D-48F7-A3AB-EDBA30A52B54}.Debug|Any CPU.Build.0 = Debug|Any CPU
		{636AE2CB-180D-48F7-A3AB-EDBA30A52B54}.Release|Any CPU.ActiveCfg = Release|Any CPU
		{636AE2CB-180D-48F7-A3AB-EDBA30A52B54}.Release|Any CPU.Build.0 = Release|Any CPU
	EndGlobalSection
	GlobalSection(SolutionProperties) = preSolution
		HideSolutionNode = FALSE
	EndGlobalSection
EndGlobal
